{
  "lockfileVersion": 1,
  "workspaces": {
    "": {
      "name": "hyperspan",
    },
    "packages/framework": {
      "name": "@hyperspan/framework",
      "version": "0.1.8",
      "dependencies": {
        "@hyperspan/html": "^0.1.6",
        "hono": "^4.7.10",
        "isbot": "^5.1.28",
        "preact-render-to-string": "^6.5.13",
        "zod": "^3.25.7",
      },
      "devDependencies": {
        "@types/bun": "^1.2.13",
        "@types/node": "^22.15.19",
        "@types/react": "^19.1.4",
        "prettier": "^3.5.3",
        "typescript": "^5.8.3",
      },
      "peerDependencies": {
        "preact": "^10.26.6",
      },
      "optionalPeers": [
        "preact",
      ],
    },
    "packages/html": {
      "name": "@hyperspan/html",
      "version": "0.1.7",
      "devDependencies": {
        "@types/bun": "^1.2.11",
        "prettier": "^3.2.5",
        "typescript": "^5.0.0",
      },
    },
    "packages/plugin-preact": {
      "name": "@hyperspan/plugin-preact",
      "version": "0.0.1",
      "dependencies": {
        "preact": "^10.26.5",
        "preact-render-to-string": "^6.1.0",
      },
      "devDependencies": {
        "@types/bun": "^1.2.11",
        "prettier": "^3.2.5",
        "typescript": "^5.0.0",
      },
      "peerDependencies": {
        "@hyperspan/framework": "^0.0.17",
        "@hyperspan/html": "^0.0.16",
      },
    },
    "packages/plugin-react": {
      "name": "@hyperspan/plugin-react",
      "version": "0.0.1",
      "devDependencies": {
        "@types/bun": "^1.2.11",
        "@types/react": "^19.1.5",
        "@types/react-dom": "^19.1.5",
        "prettier": "^3.2.5",
        "typescript": "^5.0.0",
      },
      "peerDependencies": {
        "@hyperspan/framework": "^0.0.17",
        "@hyperspan/html": "^0.0.16",
        "react": "^19.1.0",
        "react-dom": "^19.1.0",
      },
      "optionalPeers": [
        "react",
        "react-dom",
      ],
    },
  },
  "packages": {
    "@hyperspan/framework": ["@hyperspan/framework@workspace:packages/framework"],

    "@hyperspan/html": ["@hyperspan/html@workspace:packages/html"],

    "@hyperspan/plugin-preact": ["@hyperspan/plugin-preact@workspace:packages/plugin-preact"],

    "@hyperspan/plugin-react": ["@hyperspan/plugin-react@workspace:packages/plugin-react"],

    "@types/bun": ["@types/bun@1.2.13", "", { "dependencies": { "bun-types": "1.2.13" } }, "sha512-u6vXep/i9VBxoJl3GjZsl/BFIsvML8DfVDO0RYLEwtSZSp981kEO1V5NwRcO1CPJ7AmvpbnDCiMKo3JvbDEjAg=="],

    "@types/node": ["@types/node@22.15.19", "", { "dependencies": { "undici-types": "~6.21.0" } }, "sha512-3vMNr4TzNQyjHcRZadojpRaD9Ofr6LsonZAoQ+HMUa/9ORTPoxVIw0e0mpqWpdjj8xybyCM+oKOUH2vwFu/oEw=="],

    "@types/react": ["@types/react@19.1.4", "", { "dependencies": { "csstype": "^3.0.2" } }, "sha512-EB1yiiYdvySuIITtD5lhW4yPyJ31RkJkkDw794LaQYrxCSaQV/47y5o1FMC4zF9ZyjUjzJMZwbovEnT5yHTW6g=="],

    "@types/react-dom": ["@types/react-dom@19.1.5", "", { "peerDependencies": { "@types/react": "^19.0.0" } }, "sha512-CMCjrWucUBZvohgZxkjd6S9h0nZxXjzus6yDfUb+xLxYM7VvjKNH1tQrE9GWLql1XoOP4/Ds3bwFqShHUYraGg=="],

    "bun-types": ["bun-types@1.2.13", "", { "dependencies": { "@types/node": "*" } }, "sha512-rRjA1T6n7wto4gxhAO/ErZEtOXyEZEmnIHQfl0Dt1QQSB4QV0iP6BZ9/YB5fZaHFQ2dwHFrmPaRQ9GGMX01k9Q=="],

    "csstype": ["csstype@3.1.3", "", {}, ""],

    "hono": ["hono@4.7.10", "", {}, "sha512-QkACju9MiN59CKSY5JsGZCYmPZkA6sIW6OFCUp7qDjZu6S6KHtJHhAc9Uy9mV9F8PJ1/HQ3ybZF2yjCa/73fvQ=="],

    "isbot": ["isbot@5.1.28", "", {}, "sha512-qrOp4g3xj8YNse4biorv6O5ZShwsJM0trsoda4y7j/Su7ZtTTfVXFzbKkpgcSoDrHS8FcTuUwcU04YimZlZOxw=="],

    "preact": ["preact@10.26.5", "", {}, ""],

    "preact-render-to-string": ["preact-render-to-string@6.5.13", "", { "peerDependencies": { "preact": ">=10" } }, "sha512-iGPd+hKPMFKsfpR2vL4kJ6ZPcFIoWZEcBf0Dpm3zOpdVvj77aY8RlLiQji5OMrngEyaxGogeakTb54uS2FvA6w=="],

    "prettier": ["prettier@3.5.3", "", { "bin": "bin/prettier.cjs" }, ""],

    "typescript": ["typescript@5.8.3", "", { "bin": { "tsc": "bin/tsc", "tsserver": "bin/tsserver" } }, ""],

    "undici-types": ["undici-types@6.21.0", "", {}, ""],

    "zod": ["zod@3.25.7", "", {}, "sha512-YGdT1cVRmKkOg6Sq7vY7IkxdphySKnXhaUmFI4r4FcuFVNgpCb9tZfNwXbT6BPjD5oz0nubFsoo9pIqKrDcCvg=="],

    "@hyperspan/plugin-react/@types/react": ["@types/react@19.1.5", "", { "dependencies": { "csstype": "^3.0.2" } }, "sha512-piErsCVVbpMMT2r7wbawdZsq4xMvIAhQuac2gedQHysu1TZYEigE6pnFfgZT+/jQnrRuF5r+SHzuehFjfRjr4g=="],

    "bun-types/@types/node": ["@types/node@22.14.1", "", { "dependencies": { "undici-types": "~6.21.0" } }, ""],
  }
}
